# THIS IS AN AUTOGENERATED FILE. DO NOT EDIT THIS FILE DIRECTLY.
# yarn lockfile v1


"@types/node@^13.9.0":
  version "13.9.0"
  resolved "https://registry.yarnpkg.com/@types/node/-/node-13.9.0.tgz#5b6ee7a77faacddd7de719017d0bc12f52f81589"
  integrity sha512-0ARSQootUG1RljH2HncpsY2TJBfGQIKOOi7kxzUY6z54ePu/ZD+wJA8zI2Q6v8rol2qpG/rvqsReco8zNMPvhQ==

"@yjl9903/setmap@^1.0.5":
  version "1.0.5"
  resolved "https://registry.yarnpkg.com/@yjl9903/setmap/-/setmap-1.0.5.tgz#556c489d8178f040f9aba419e0c11f8aa77b356b"
  integrity sha512-a6xssLNFUUrp5i+fKVYumCskvG/h3hxD0TmbOjZ3a6Bv8XRvARza26Pc9eXYGzsDpWW3cYBLDPT2PZE5AkOFEg==
  dependencies:
    random-js "^2.1.0"

"@yjl9903/xparse@^1.0.3":
  version "1.0.3"
  resolved "https://registry.yarnpkg.com/@yjl9903/xparse/-/xparse-1.0.3.tgz#5260c75800d4faae72d5bd268578446f39e9f734"
  integrity sha512-T6dYHy2TRHuijdCeL1kWKnV8Pw5W4s7XiBDLQMNs4rjOKik6K4Z9G5IxHPS6wq3DtTZHD4shq9KCSGBBwUVw3g==
  dependencies:
    "@yjl9903/setmap" "^1.0.5"
    cac "^6.5.6"
    xlex "^1.3.2"

cac@^6.5.6, cac@^6.5.7:
  version "6.5.7"
  resolved "https://registry.yarnpkg.com/cac/-/cac-6.5.7.tgz#3359494ced169f58f4ccdaa64f9b760badddde7a"
  integrity sha512-DjjOqLvoX/oO/snovTNm553kRYWTmIIQBfHQ2UqktbCudoHJuxzvRhjwdCHkXrQwp/lnu3bYyZ+LfaHtwk0Wjw==

graphviz@^0.0.9:
  version "0.0.9"
  resolved "https://registry.yarnpkg.com/graphviz/-/graphviz-0.0.9.tgz#0bbf1df588c6a92259282da35323622528c4bbc4"
  integrity sha512-SmoY2pOtcikmMCqCSy2NO1YsRfu9OO0wpTlOYW++giGjfX1a6gax/m1Fo8IdUd0/3H15cTOfR1SMKwohj4LKsg==
  dependencies:
    temp "~0.4.0"

random-js@^2.1.0:
  version "2.1.0"
  resolved "https://registry.yarnpkg.com/random-js/-/random-js-2.1.0.tgz#0c03238b0a4f701f7a4c7303036ade3083d8ee14"
  integrity sha512-CRUyWmnzmZBA7RZSVGq0xMqmgCyPPxbiKNLFA5ud7KenojVX2s7Gv+V7eB52beKTPGxWRnVZ7D/tCIgYJJ8vNQ==

temp@~0.4.0:
  version "0.4.0"
  resolved "https://registry.yarnpkg.com/temp/-/temp-0.4.0.tgz#671ad63d57be0fe9d7294664b3fc400636678a60"
  integrity sha1-ZxrWPVe+D+nXKUZks/xABjZnimA=

xlex@^1.3.2:
  version "1.3.2"
  resolved "https://registry.yarnpkg.com/xlex/-/xlex-1.3.2.tgz#54959d77bdcf4f08d7b0d5ab6888c208c5974b75"
  integrity sha512-ORLsJV0uRBs+xjKOPeARzZa08kXfpu8ov/AcnEE/LpuZjcWmGGq2yhArC6rP/gtUb0XSeCORlk4tuZpZj2f6ag==
  dependencies:
    cac "^6.5.6"
    graphviz "^0.0.9"
    random-js "^2.1.0"
